// !$*UTF8*$!
{
	archiveVersion = 1;
	classes = {
	};
	objectVersion = 50;
	objects = {

/* Begin PBXBuildFile section */
		A870ABB02739255900AC076A /* AppDelegate.swift in Sources */ = {isa = PBXBuildFile; fileRef = A870ABAF2739255900AC076A /* AppDelegate.swift */; };
		A870ABB22739255A00AC076A /* SceneDelegate.swift in Sources */ = {isa = PBXBuildFile; fileRef = A870ABB12739255A00AC076A /* SceneDelegate.swift */; };
		A870ABB42739255A00AC076A /* ViewController.swift in Sources */ = {isa = PBXBuildFile; fileRef = A870ABB32739255A00AC076A /* ViewController.swift */; };
		A870ABB72739255A00AC076A /* Main.storyboard in Resources */ = {isa = PBXBuildFile; fileRef = A870ABB52739255A00AC076A /* Main.storyboard */; };
		A870ABB92739256400AC076A /* Assets.xcassets in Resources */ = {isa = PBXBuildFile; fileRef = A870ABB82739256400AC076A /* Assets.xcassets */; };
		A870ABBC2739256400AC076A /* LaunchScreen.storyboard in Resources */ = {isa = PBXBuildFile; fileRef = A870ABBA2739256400AC076A /* LaunchScreen.storyboard */; };
		A870ABD3273934C800AC076A /* WebKit.framework in Frameworks */ = {isa = PBXBuildFile; fileRef = A870ABD2273934C800AC076A /* WebKit.framework */; };
/* End PBXBuildFile section */

/* Begin PBXFileReference section */
		A870ABAC2739255900AC076A /* NativeWebview.app */ = {isa = PBXFileReference; explicitFileType = wrapper.application; includeInIndex = 0; path = NativeWebview.app; sourceTree = BUILT_PRODUCTS_DIR; };
		A870ABAF2739255900AC076A /* AppDelegate.swift */ = {isa = PBXFileReference; lastKnownFileType = sourcecode.swift; path = AppDelegate.swift; sourceTree = "<group>"; };
		A870ABB12739255A00AC076A /* SceneDelegate.swift */ = {isa = PBXFileReference; lastKnownFileType = sourcecode.swift; path = SceneDelegate.swift; sourceTree = "<group>"; };
		A870ABB32739255A00AC076A /* ViewController.swift */ = {isa = PBXFileReference; lastKnownFileType = sourcecode.swift; path = ViewController.swift; sourceTree = "<group>"; };
		A870ABB62739255A00AC076A /* Base */ = {isa = PBXFileReference; lastKnownFileType = file.storyboard; name = Base; path = Base.lproj/Main.storyboard; sourceTree = "<group>"; };
		A870ABB82739256400AC076A /* Assets.xcassets */ = {isa = PBXFileReference; lastKnownFileType = folder.assetcatalog; path = Assets.xcassets; sourceTree = "<group>"; };
		A870ABBB2739256400AC076A /* Base */ = {isa = PBXFileReference; lastKnownFileType = file.storyboard; name = Base; path = Base.lproj/LaunchScreen.storyboard; sourceTree = "<group>"; };
		A870ABBD2739256400AC076A /* Info.plist */ = {isa = PBXFileReference; lastKnownFileType = text.plist.xml; path = Info.plist; sourceTree = "<group>"; };
		A870ABD2273934C800AC076A /* WebKit.framework */ = {isa = PBXFileReference; lastKnownFileType = wrapper.framework; name = WebKit.framework; path = System/Library/Frameworks/WebKit.framework; sourceTree = SDKROOT; };
/* End PBXFileReference section */

/* Begin PBXFrameworksBuildPhase section */
		A870ABA92739255900AC076A /* Frameworks */ = {
			isa = PBXFrameworksBuildPhase;
			buildActionMask = 2147483647;
			files = (
				A870ABD3273934C800AC076A /* WebKit.framework in Frameworks */,
			);
			runOnlyForDeploymentPostprocessing = 0;
		};
/* End PBXFrameworksBuildPhase section */

/* Begin PBXGroup section */
		A870ABA32739255900AC076A = {
			isa = PBXGroup;
			children = (
				A870ABAE2739255900AC076A /* NativeWebview */,
				A870ABAD2739255900AC076A /* Products */,
				A870ABD1273934C700AC076A /* Frameworks */,
			);
			sourceTree = "<group>";
		};
		A870ABAD2739255900AC076A /* Products */ = {
			isa = PBXGroup;
			children = (
				A870ABAC2739255900AC076A /* NativeWebview.app */,
			);
			name = Products;
			sourceTree = "<group>";
		};
		A870ABAE2739255900AC076A /* NativeWebview */ = {
			isa = PBXGroup;
			children = (
				A870ABAF2739255900AC076A /* AppDelegate.swift */,
				A870ABB12739255A00AC076A /* SceneDelegate.swift */,
				A870ABB32739255A00AC076A /* ViewController.swift */,
				A870ABB52739255A00AC076A /* Main.storyboard */,
				A870ABB82739256400AC076A /* Assets.xcassets */,
				A870ABBA2739256400AC076A /* LaunchScreen.storyboard */,
				A870ABBD2739256400AC076A /* Info.plist */,
			);
			path = NativeWebview;
			sourceTree = "<group>";
		};
		A870ABD1273934C700AC076A /* Frameworks */ = {
			isa = PBXGroup;
			children = (
				A870ABD2273934C800AC076A /* WebKit.framework */,
			);
			name = Frameworks;
			sourceTree = "<group>";
		};
/* End PBXGroup section */

/* Begin PBXNativeTarget section */
		A870ABAB2739255900AC076A /* NativeWebview */ = {
			isa = PBXNativeTarget;
			buildConfigurationList = A870ABC02739256400AC076A /* Build configuration list for PBXNativeTarget "NativeWebview" */;
			buildPhases = (
				A870ABA82739255900AC076A /* Sources */,
				A870ABA92739255900AC076A /* Frameworks */,
				A870ABAA2739255900AC076A /* Resources */,
			);
			buildRules = (
			);
			dependencies = (
			);
			name = NativeWebview;
			productName = NativeWebview;
			productReference = A870ABAC2739255900AC076A /* NativeWebview.app */;
			productType = "com.apple.product-type.application";
		};
/* End PBXNativeTarget section */

/* Begin PBXProject section */
		A870ABA42739255900AC076A /* Project object */ = {
			isa = PBXProject;
			attributes = {
				LastSwiftUpdateCheck = 1240;
				LastUpgradeCheck = 1240;
				TargetAttributes = {
					A870ABAB2739255900AC076A = {
						CreatedOnToolsVersion = 12.4;
					};
				};
			};
			buildConfigurationList = A870ABA72739255900AC076A /* Build configuration list for PBXProject "NativeWebview" */;
			compatibilityVersion = "Xcode 9.3";
			developmentRegion = en;
			hasScannedForEncodings = 0;
			knownRegions = (
				en,
				Base,
			);
			mainGroup = A870ABA32739255900AC076A;
			productRefGroup = A870ABAD2739255900AC076A /* Products */;
			projectDirPath = "";
			projectRoot = "";
			targets = (
				A870ABAB2739255900AC076A /* NativeWebview */,
			);
		};
/* End PBXProject section */

/* Begin PBXResourcesBuildPhase section */
		A870ABAA2739255900AC076A /* Resources */ = {
			isa = PBXResourcesBuildPhase;
			buildActionMask = 2147483647;
			files = (
				A870ABBC2739256400AC076A /* LaunchScreen.storyboard in Resources */,
				A870ABB92739256400AC076A /* Assets.xcassets in Resources */,
				A870ABB72739255A00AC076A /* Main.storyboard in Resources */,
			);
			runOnlyForDeploymentPostprocessing = 0;
		};
/* End PBXResourcesBuildPhase section */

/* Begin PBXSourcesBuildPhase section */
		A870ABA82739255900AC076A /* Sources */ = {
			isa = PBXSourcesBuildPhase;
			buildActionMask = 2147483647;
			files = (
				A870ABB42739255A00AC076A /* ViewController.swift in Sources */,
				A870ABB02739255900AC076A /* AppDelegate.swift in Sources */,
				A870ABB22739255A00AC076A /* SceneDelegate.swift in Sources */,
			);
			runOnlyForDeploymentPostprocessing = 0;
		};
/* End PBXSourcesBuildPhase section */

/* Begin PBXVariantGroup section */
		A870ABB52739255A00AC076A /* Main.storyboard */ = {
			isa = PBXVariantGroup;
			children = (
				A870ABB62739255A00AC076A /* Base */,
			);
			name = Main.storyboard;
			sourceTree = "<group>";
		};
		A870ABBA2739256400AC076A /* LaunchScreen.storyboard */ = {
			isa = PBXVariantGroup;
			children = (
				A870ABBB2739256400AC076A /* Base */,
			);
			name = LaunchScreen.storyboard;
			sourceTree = "<group>";
		};
/* End PBXVariantGroup section */

/* Begin XCBuildConfiguration section */
		A870ABBE2739256400AC076A /* Debug */ = {
			isa = XCBuildConfiguration;
			buildSettings = {
				ALWAYS_SEARCH_USER_PATHS = NO;
				CLANG_ANALYZER_NONNULL = YES;
				CLANG_ANALYZER_NUMBER_OBJECT_CONVERSION = YES_AGGRESSIVE;
				CLANG_CXX_LANGUAGE_STANDARD = "gnu++14";
				CLANG_CXX_LIBRARY = "libc++";
				CLANG_ENABLE_MODULES = YES;
				CLANG_ENABLE_OBJC_ARC = YES;
				CLANG_ENABLE_OBJC_WEAK = YES;
				CLANG_WARN_BLOCK_CAPTURE_AUTORELEASING = YES;
				CLANG_WARN_BOOL_CONVERSION = YES;
				CLANG_WARN_COMMA = YES;
				CLANG_WARN_CONSTANT_CONVERSION = YES;
				CLANG_WARN_DEPRECATED_OBJC_IMPLEMENTATIONS = YES;
				CLANG_WARN_DIRECT_OBJC_ISA_USAGE = YES_ERROR;
				CLANG_WARN_DOCUMENTATION_COMMENTS = YES;
				CLANG_WARN_EMPTY_BODY = YES;
				CLANG_WARN_ENUM_CONVERSION = YES;
				CLANG_WARN_INFINITE_RECURSION = YES;
				CLANG_WARN_INT_CONVERSION = YES;
				CLANG_WARN_NON_LITERAL_NULL_CONVERSION = YES;
				CLANG_WARN_OBJC_IMPLICIT_RETAIN_SELF = YES;
				CLANG_WARN_OBJC_LITERAL_CONVERSION = YES;
				CLANG_WARN_OBJC_ROOT_CLASS = YES_ERROR;
				CLANG_WARN_QUOTED_INCLUDE_IN_FRAMEWORK_HEADER = YES;
				CLANG_WARN_RANGE_LOOP_ANALYSIS = YES;
				CLANG_WARN_STRICT_PROTOTYPES = YES;
				CLANG_WARN_SUSPICIOUS_MOVE = YES;
				CLANG_WARN_UNGUARDED_AVAILABILITY = YES_AGGRESSIVE;
				CLANG_WARN_UNREACHABLE_CODE = YES;
				CLANG_WARN__DUPLICATE_METHOD_MATCH = YES;
				COPY_PHASE_STRIP = NO;
				DEBUG_INFORMATION_FORMAT = dwarf;
				ENABLE_STRICT_OBJC_MSGSEND = YES;
				ENABLE_TESTABILITY = YES;
				GCC_C_LANGUAGE_STANDARD = gnu11;
				GCC_DYNAMIC_NO_PIC = NO;
				GCC_NO_COMMON_BLOCKS = YES;
				GCC_OPTIMIZATION_LEVEL = 0;
				GCC_PREPROCESSOR_DEFINITIONS = (
					"DEBUG=1",
					"$(inherited)",
				);
				GCC_WARN_64_TO_32_BIT_CONVERSION = YES;
				GCC_WARN_ABOUT_RETURN_TYPE = YES_ERROR;
				GCC_WARN_UNDECLARED_SELECTOR = YES;
				GCC_WARN_UNINITIALIZED_AUTOS = YES_AGGRESSIVE;
				GCC_WARN_UNUSED_FUNCTION = YES;
				GCC_WARN_UNUSED_VARIABLE = YES;
				IPHONEOS_DEPLOYMENT_TARGET = 14.4;
				MTL_ENABLE_DEBUG_INFO = INCLUDE_SOURCE;
				MTL_FAST_MATH = YES;
				ONLY_ACTIVE_ARCH = YES;
				SDKROOT = iphoneos;
				SWIFT_ACTIVE_COMPILATION_CONDITIONS = DEBUG;
				SWIFT_OPTIMIZATION_LEVEL = "-Onone";
			};
			name = Debug;
		};
		A870ABBF2739256400AC076A /* Release */ = {
			isa = XCBuildConfiguration;
			buildSettings = {
				ALWAYS_SEARCH_USER_PATHS = NO;
				CLANG_ANALYZER_NONNULL = YES;
				CLANG_ANALYZER_NUMBER_OBJECT_CONVERSION = YES_AGGRESSIVE;
				CLANG_CXX_LANGUAGE_STANDARD = "gnu++14";
				CLANG_CXX_LIBRARY = "libc++";
				CLANG_ENABLE_MODULES = YES;
				CLANG_ENABLE_OBJC_ARC = YES;
				CLANG_ENABLE_OBJC_WEAK = YES;
				CLANG_WARN_BLOCK_CAPTURE_AUTORELEASING = YES;
				CLANG_WARN_BOOL_CONVERSION = YES;
				CLANG_WARN_COMMA = YES;
				CLANG_WARN_CONSTANT_CONVERSION = YES;
				CLANG_WARN_DEPRECATED_OBJC_IMPLEMENTATIONS = YES;
				CLANG_WARN_DIRECT_OBJC_ISA_USAGE = YES_ERROR;
				CLANG_WARN_DOCUMENTATION_COMMENTS = YES;
				CLANG_WARN_EMPTY_BODY = YES;
				CLANG_WARN_ENUM_CONVERSION = YES;
				CLANG_WARN_INFINITE_RECURSION = YES;
				CLANG_WARN_INT_CONVERSION = YES;
				CLANG_WARN_NON_LITERAL_NULL_CONVERSION = YES;
				CLANG_WARN_OBJC_IMPLICIT_RETAIN_SELF = YES;
				CLANG_WARN_OBJC_LITERAL_CONVERSION = YES;
				CLANG_WARN_OBJC_ROOT_CLASS = YES_ERROR;
				CLANG_WARN_QUOTED_INCLUDE_IN_FRAMEWORK_HEADER = YES;
				CLANG_WARN_RANGE_LOOP_ANALYSIS = YES;
				CLANG_WARN_STRICT_PROTOTYPES = YES;
				CLANG_WARN_SUSPICIOUS_MOVE = YES;
				CLANG_WARN_UNGUARDED_AVAILABILITY = YES_AGGRESSIVE;
				CLANG_WARN_UNREACHABLE_CODE = YES;
				CLANG_WARN__DUPLICATE_METHOD_MATCH = YES;
				COPY_PHASE_STRIP = NO;
				DEBUG_INFORMATION_FORMAT = "dwarf-with-dsym";
				ENABLE_NS_ASSERTIONS = NO;
				ENABLE_STRICT_OBJC_MSGSEND = YES;
				GCC_C_LANGUAGE_STANDARD = gnu11;
				GCC_NO_COMMON_BLOCKS = YES;
				GCC_WARN_64_TO_32_BIT_CONVERSION = YES;
				GCC_WARN_ABOUT_RETURN_TYPE = YES_ERROR;
				GCC_WARN_UNDECLARED_SELECTOR = YES;
				GCC_WARN_UNINITIALIZED_AUTOS = YES_AGGRESSIVE;
				GCC_WARN_UNUSED_FUNCTION = YES;
				GCC_WARN_UNUSED_VARIABLE = YES;
				IPHONEOS_DEPLOYMENT_TARGET = 14.4;
				MTL_ENABLE_DEBUG_INFO = NO;
				MTL_FAST_MATH = YES;
				SDKROOT = iphoneos;
				SWIFT_COMPILATION_MODE = wholemodule;
				SWIFT_OPTIMIZATION_LEVEL = "-O";
				VALIDATE_PRODUCT = YES;
			};
			name = Release;
		};
		A870ABC12739256400AC076A /* Debug */ = {
			isa = XCBuildConfiguration;
			buildSettings = {
				ASSETCATALOG_COMPILER_APPICON_NAME = AppIcon;
				ASSETCATALOG_COMPILER_GLOBAL_ACCENT_COLOR_NAME = AccentColor;
				CODE_SIGN_IDENTITY = "Apple Development";
				CODE_SIGN_STYLE = Automatic;
				DEVELOPMENT_TEAM = N4VCXGD42U;
				INFOPLIST_FILE = NativeWebview/Info.plist;
				IPHONEOS_DEPLOYMENT_TARGET = 12.3;
				LD_RUNPATH_SEARCH_PATHS = (
					"$(inherited)",
					"@executable_path/Frameworks",
				);
				PRODUCT_BUNDLE_IDENTIFIER = ai.easyeat.parnterapp;
				PRODUCT_NAME = "$(TARGET_NAME)";
				PROVISIONING_PROFILE_SPECIFIER = "";
				SWIFT_VERSION = 5.0;
				TARGETED_DEVICE_FAMILY = "1,2";
			};
			name = Debug;
		};
		A870ABC22739256400AC076A /* Release */ = {
			isa = XCBuildConfiguration;
			buildSettings = {
				ASSETCATALOG_COMPILER_APPICON_NAME = AppIcon;
				ASSETCATALOG_COMPILER_GLOBAL_ACCENT_COLOR_NAME = AccentColor;
				CODE_SIGN_IDENTITY = "iPhone Distribution: Easy Eat Pte Ltd (N4VCXGD42U)";
				CODE_SIGN_STYLE = Manual;
				DEVELOPMENT_TEAM = N4VCXGD42U;
				INFOPLIST_FILE = NativeWebview/Info.plist;
				IPHONEOS_DEPLOYMENT_TARGET = 12.3;
				LD_RUNPATH_SEARCH_PATHS = (
					"$(inherited)",
					"@executable_path/Frameworks",
				);
				PRODUCT_BUNDLE_IDENTIFIER = ai.easyeat.parnterapp;
				PRODUCT_NAME = "$(TARGET_NAME)";
				PROVISIONING_PROFILE_SPECIFIER = partner_adhoc_provisioning;
				SWIFT_VERSION = 5.0;
				TARGETED_DEVICE_FAMILY = "1,2";
			};
			name = Release;
		};
/* End XCBuildConfiguration section */

/* Begin XCConfigurationList section */
		A870ABA72739255900AC076A /* Build configuration list for PBXProject "NativeWebview" */ = {
			isa = XCConfigurationList;
			buildConfigurations = (
				A870ABBE2739256400AC076A /* Debug */,
				A870ABBF2739256400AC076A /* Release */,
			);
			defaultConfigurationIsVisible = 0;
			defaultConfigurationName = Release;
		};
		A870ABC02739256400AC076A /* Build configuration list for PBXNativeTarget "NativeWebview" */ = {
			isa = XCConfigurationList;
			buildConfigurations = (
				A870ABC12739256400AC076A /* Debug */,
				A870ABC22739256400AC076A /* Release */,
			);
			defaultConfigurationIsVisible = 0;
			defaultConfigurationName = Release;
		};
/* End XCConfigurationList section */
	};
	rootObject = A870ABA42739255900AC076A /* Project object */;
}
